version = 1
revision = 2
requires-python = ">=3.13"

[[package]]
name = "annoy"
version = "1.17.3"
source = { registry = "https://pypi.org/simple" }
sdist = { url = "https://files.pythonhosted.org/packages/07/38/e321b0e05d8cc068a594279fb7c097efb1df66231c295d482d7ad51b6473/annoy-1.17.3.tar.gz", hash = "sha256:9cbfebefe0a5f843eba29c6be4c84d601f4f41ad4ded0486f1b88c3b07739c15", size = 647460, upload-time = "2023-06-14T16:37:34.152Z" }

[[package]]
name = "certifi"
version = "2025.7.9"
source = { registry = "https://pypi.org/simple" }
sdist = { url = "https://files.pythonhosted.org/packages/de/8a/c729b6b60c66a38f590c4e774decc4b2ec7b0576be8f1aa984a53ffa812a/certifi-2025.7.9.tar.gz", hash = "sha256:c1d2ec05395148ee10cf672ffc28cd37ea0ab0d99f9cc74c43e588cbd111b079", size = 160386, upload-time = "2025-07-09T02:13:58.874Z" }
wheels = [
    { url = "https://files.pythonhosted.org/packages/66/f3/80a3f974c8b535d394ff960a11ac20368e06b736da395b551a49ce950cce/certifi-2025.7.9-py3-none-any.whl", hash = "sha256:d842783a14f8fdd646895ac26f719a061408834473cfc10203f6a575beb15d39", size = 159230, upload-time = "2025-07-09T02:13:57.007Z" },
]

[[package]]
name = "charset-normalizer"
version = "3.4.2"
source = { registry = "https://pypi.org/simple" }
sdist = { url = "https://files.pythonhosted.org/packages/e4/33/89c2ced2b67d1c2a61c19c6751aa8902d46ce3dacb23600a283619f5a12d/charset_normalizer-3.4.2.tar.gz", hash = "sha256:5baececa9ecba31eff645232d59845c07aa030f0c81ee70184a90d35099a0e63", size = 126367, upload-time = "2025-05-02T08:34:42.01Z" }
wheels = [
    { url = "https://files.pythonhosted.org/packages/ea/12/a93df3366ed32db1d907d7593a94f1fe6293903e3e92967bebd6950ed12c/charset_normalizer-3.4.2-cp313-cp313-macosx_10_13_universal2.whl", hash = "sha256:926ca93accd5d36ccdabd803392ddc3e03e6d4cd1cf17deff3b989ab8e9dbcf0", size = 199622, upload-time = "2025-05-02T08:32:56.363Z" },
    { url = "https://files.pythonhosted.org/packages/04/93/bf204e6f344c39d9937d3c13c8cd5bbfc266472e51fc8c07cb7f64fcd2de/charset_normalizer-3.4.2-cp313-cp313-manylinux_2_17_aarch64.manylinux2014_aarch64.whl", hash = "sha256:eba9904b0f38a143592d9fc0e19e2df0fa2e41c3c3745554761c5f6447eedabf", size = 143435, upload-time = "2025-05-02T08:32:58.551Z" },
    { url = "https://files.pythonhosted.org/packages/22/2a/ea8a2095b0bafa6c5b5a55ffdc2f924455233ee7b91c69b7edfcc9e02284/charset_normalizer-3.4.2-cp313-cp313-manylinux_2_17_ppc64le.manylinux2014_ppc64le.whl", hash = "sha256:3fddb7e2c84ac87ac3a947cb4e66d143ca5863ef48e4a5ecb83bd48619e4634e", size = 153653, upload-time = "2025-05-02T08:33:00.342Z" },
    { url = "https://files.pythonhosted.org/packages/b6/57/1b090ff183d13cef485dfbe272e2fe57622a76694061353c59da52c9a659/charset_normalizer-3.4.2-cp313-cp313-manylinux_2_17_s390x.manylinux2014_s390x.whl", hash = "sha256:98f862da73774290f251b9df8d11161b6cf25b599a66baf087c1ffe340e9bfd1", size = 146231, upload-time = "2025-05-02T08:33:02.081Z" },
    { url = "https://files.pythonhosted.org/packages/e2/28/ffc026b26f441fc67bd21ab7f03b313ab3fe46714a14b516f931abe1a2d8/charset_normalizer-3.4.2-cp313-cp313-manylinux_2_17_x86_64.manylinux2014_x86_64.whl", hash = "sha256:6c9379d65defcab82d07b2a9dfbfc2e95bc8fe0ebb1b176a3190230a3ef0e07c", size = 148243, upload-time = "2025-05-02T08:33:04.063Z" },
    { url = "https://files.pythonhosted.org/packages/c0/0f/9abe9bd191629c33e69e47c6ef45ef99773320e9ad8e9cb08b8ab4a8d4cb/charset_normalizer-3.4.2-cp313-cp313-manylinux_2_5_i686.manylinux1_i686.manylinux_2_17_i686.manylinux2014_i686.whl", hash = "sha256:e635b87f01ebc977342e2697d05b56632f5f879a4f15955dfe8cef2448b51691", size = 150442, upload-time = "2025-05-02T08:33:06.418Z" },
    { url = "https://files.pythonhosted.org/packages/67/7c/a123bbcedca91d5916c056407f89a7f5e8fdfce12ba825d7d6b9954a1a3c/charset_normalizer-3.4.2-cp313-cp313-musllinux_1_2_aarch64.whl", hash = "sha256:1c95a1e2902a8b722868587c0e1184ad5c55631de5afc0eb96bc4b0d738092c0", size = 145147, upload-time = "2025-05-02T08:33:08.183Z" },
    { url = "https://files.pythonhosted.org/packages/ec/fe/1ac556fa4899d967b83e9893788e86b6af4d83e4726511eaaad035e36595/charset_normalizer-3.4.2-cp313-cp313-musllinux_1_2_i686.whl", hash = "sha256:ef8de666d6179b009dce7bcb2ad4c4a779f113f12caf8dc77f0162c29d20490b", size = 153057, upload-time = "2025-05-02T08:33:09.986Z" },
    { url = "https://files.pythonhosted.org/packages/2b/ff/acfc0b0a70b19e3e54febdd5301a98b72fa07635e56f24f60502e954c461/charset_normalizer-3.4.2-cp313-cp313-musllinux_1_2_ppc64le.whl", hash = "sha256:32fc0341d72e0f73f80acb0a2c94216bd704f4f0bce10aedea38f30502b271ff", size = 156454, upload-time = "2025-05-02T08:33:11.814Z" },
    { url = "https://files.pythonhosted.org/packages/92/08/95b458ce9c740d0645feb0e96cea1f5ec946ea9c580a94adfe0b617f3573/charset_normalizer-3.4.2-cp313-cp313-musllinux_1_2_s390x.whl", hash = "sha256:289200a18fa698949d2b39c671c2cc7a24d44096784e76614899a7ccf2574b7b", size = 154174, upload-time = "2025-05-02T08:33:13.707Z" },
    { url = "https://files.pythonhosted.org/packages/78/be/8392efc43487ac051eee6c36d5fbd63032d78f7728cb37aebcc98191f1ff/charset_normalizer-3.4.2-cp313-cp313-musllinux_1_2_x86_64.whl", hash = "sha256:4a476b06fbcf359ad25d34a057b7219281286ae2477cc5ff5e3f70a246971148", size = 149166, upload-time = "2025-05-02T08:33:15.458Z" },
    { url = "https://files.pythonhosted.org/packages/44/96/392abd49b094d30b91d9fbda6a69519e95802250b777841cf3bda8fe136c/charset_normalizer-3.4.2-cp313-cp313-win32.whl", hash = "sha256:aaeeb6a479c7667fbe1099af9617c83aaca22182d6cf8c53966491a0f1b7ffb7", size = 98064, upload-time = "2025-05-02T08:33:17.06Z" },
    { url = "https://files.pythonhosted.org/packages/e9/b0/0200da600134e001d91851ddc797809e2fe0ea72de90e09bec5a2fbdaccb/charset_normalizer-3.4.2-cp313-cp313-win_amd64.whl", hash = "sha256:aa6af9e7d59f9c12b33ae4e9450619cf2488e2bbe9b44030905877f0b2324980", size = 105641, upload-time = "2025-05-02T08:33:18.753Z" },
    { url = "https://files.pythonhosted.org/packages/20/94/c5790835a017658cbfabd07f3bfb549140c3ac458cfc196323996b10095a/charset_normalizer-3.4.2-py3-none-any.whl", hash = "sha256:7f56930ab0abd1c45cd15be65cc741c28b1c9a34876ce8c17a2fa107810c0af0", size = 52626, upload-time = "2025-05-02T08:34:40.053Z" },
]

[[package]]
name = "colorama"
version = "0.4.6"
source = { registry = "https://pypi.org/simple" }
sdist = { url = "https://files.pythonhosted.org/packages/d8/53/6f443c9a4a8358a93a6792e2acffb9d9d5cb0a5cfd8802644b7b1c9a02e4/colorama-0.4.6.tar.gz", hash = "sha256:08695f5cb7ed6e0531a20572697297273c47b8cae5a63ffc6d6ed5c201be6e44", size = 27697, upload-time = "2022-10-25T02:36:22.414Z" }
wheels = [
    { url = "https://files.pythonhosted.org/packages/d1/d6/3965ed04c63042e047cb6a3e6ed1a63a35087b6a609aa3a15ed8ac56c221/colorama-0.4.6-py2.py3-none-any.whl", hash = "sha256:4f1d9991f5acc0ca119f9d443620b77f9d6b33703e51011c16baf57afb285fc6", size = 25335, upload-time = "2022-10-25T02:36:20.889Z" },
]

[[package]]
name = "faiss-cpu"
version = "1.11.0"
source = { registry = "https://pypi.org/simple" }
dependencies = [
    { name = "numpy" },
    { name = "packaging" },
]
sdist = { url = "https://files.pythonhosted.org/packages/e7/9a/e33fc563f007924dd4ec3c5101fe5320298d6c13c158a24a9ed849058569/faiss_cpu-1.11.0.tar.gz", hash = "sha256:44877b896a2b30a61e35ea4970d008e8822545cb340eca4eff223ac7f40a1db9", size = 70218, upload-time = "2025-04-28T07:48:30.459Z" }
wheels = [
    { url = "https://files.pythonhosted.org/packages/92/90/d2329ce56423cc61f4c20ae6b4db001c6f88f28bf5a7ef7f8bbc246fd485/faiss_cpu-1.11.0-cp313-cp313-macosx_14_0_arm64.whl", hash = "sha256:0c98e5feff83b87348e44eac4d578d6f201780dae6f27f08a11d55536a20b3a8", size = 3313807, upload-time = "2025-04-28T07:48:06.486Z" },
    { url = "https://files.pythonhosted.org/packages/24/14/8af8f996d54e6097a86e6048b1a2c958c52dc985eb4f935027615079939e/faiss_cpu-1.11.0-cp313-cp313-macosx_14_0_x86_64.whl", hash = "sha256:796e90389427b1c1fb06abdb0427bb343b6350f80112a2e6090ac8f176ff7416", size = 7913539, upload-time = "2025-04-28T07:48:08.338Z" },
    { url = "https://files.pythonhosted.org/packages/b2/2b/437c2f36c3aa3cffe041479fced1c76420d3e92e1f434f1da3be3e6f32b1/faiss_cpu-1.11.0-cp313-cp313-manylinux_2_28_aarch64.whl", hash = "sha256:2b6e355dda72b3050991bc32031b558b8f83a2b3537a2b9e905a84f28585b47e", size = 3785181, upload-time = "2025-04-28T07:48:10.594Z" },
    { url = "https://files.pythonhosted.org/packages/66/75/955527414371843f558234df66fa0b62c6e86e71e4022b1be9333ac6004c/faiss_cpu-1.11.0-cp313-cp313-manylinux_2_28_x86_64.whl", hash = "sha256:6c482d07194638c169b4422774366e7472877d09181ea86835e782e6304d4185", size = 31287635, upload-time = "2025-04-28T07:48:12.93Z" },
    { url = "https://files.pythonhosted.org/packages/50/51/35b7a3f47f7859363a367c344ae5d415ea9eda65db0a7d497c7ea2c0b576/faiss_cpu-1.11.0-cp313-cp313-win_amd64.whl", hash = "sha256:13eac45299532b10e911bff1abbb19d1bf5211aa9e72afeade653c3f1e50e042", size = 15005455, upload-time = "2025-04-28T07:48:16.173Z" },
]

[[package]]
name = "h5py"
version = "3.14.0"
source = { registry = "https://pypi.org/simple" }
dependencies = [
    { name = "numpy" },
]
sdist = { url = "https://files.pythonhosted.org/packages/5d/57/dfb3c5c3f1bf5f5ef2e59a22dec4ff1f3d7408b55bfcefcfb0ea69ef21c6/h5py-3.14.0.tar.gz", hash = "sha256:2372116b2e0d5d3e5e705b7f663f7c8d96fa79a4052d250484ef91d24d6a08f4", size = 424323, upload-time = "2025-06-06T14:06:15.01Z" }
wheels = [
    { url = "https://files.pythonhosted.org/packages/6c/c2/7efe82d09ca10afd77cd7c286e42342d520c049a8c43650194928bcc635c/h5py-3.14.0-cp313-cp313-macosx_10_13_x86_64.whl", hash = "sha256:aa4b7bbce683379b7bf80aaba68e17e23396100336a8d500206520052be2f812", size = 3289245, upload-time = "2025-06-06T14:05:28.24Z" },
    { url = "https://files.pythonhosted.org/packages/4f/31/f570fab1239b0d9441024b92b6ad03bb414ffa69101a985e4c83d37608bd/h5py-3.14.0-cp313-cp313-macosx_11_0_arm64.whl", hash = "sha256:ef9603a501a04fcd0ba28dd8f0995303d26a77a980a1f9474b3417543d4c6174", size = 2807335, upload-time = "2025-06-06T14:05:31.997Z" },
    { url = "https://files.pythonhosted.org/packages/0d/ce/3a21d87896bc7e3e9255e0ad5583ae31ae9e6b4b00e0bcb2a67e2b6acdbc/h5py-3.14.0-cp313-cp313-manylinux_2_17_aarch64.manylinux2014_aarch64.whl", hash = "sha256:e8cbaf6910fa3983c46172666b0b8da7b7bd90d764399ca983236f2400436eeb", size = 4700675, upload-time = "2025-06-06T14:05:37.38Z" },
    { url = "https://files.pythonhosted.org/packages/e7/ec/86f59025306dcc6deee5fda54d980d077075b8d9889aac80f158bd585f1b/h5py-3.14.0-cp313-cp313-manylinux_2_17_x86_64.manylinux2014_x86_64.whl", hash = "sha256:d90e6445ab7c146d7f7981b11895d70bc1dd91278a4f9f9028bc0c95e4a53f13", size = 4921632, upload-time = "2025-06-06T14:05:43.464Z" },
    { url = "https://files.pythonhosted.org/packages/3f/6d/0084ed0b78d4fd3e7530c32491f2884140d9b06365dac8a08de726421d4a/h5py-3.14.0-cp313-cp313-win_amd64.whl", hash = "sha256:ae18e3de237a7a830adb76aaa68ad438d85fe6e19e0d99944a3ce46b772c69b3", size = 2852929, upload-time = "2025-06-06T14:05:47.659Z" },
]

[[package]]
name = "idna"
version = "3.10"
source = { registry = "https://pypi.org/simple" }
sdist = { url = "https://files.pythonhosted.org/packages/f1/70/7703c29685631f5a7590aa73f1f1d3fa9a380e654b86af429e0934a32f7d/idna-3.10.tar.gz", hash = "sha256:12f65c9b470abda6dc35cf8e63cc574b1c52b11df2c86030af0ac09b01b13ea9", size = 190490, upload-time = "2024-09-15T18:07:39.745Z" }
wheels = [
    { url = "https://files.pythonhosted.org/packages/76/c6/c88e154df9c4e1a2a66ccf0005a88dfb2650c1dffb6f5ce603dfbd452ce3/idna-3.10-py3-none-any.whl", hash = "sha256:946d195a0d259cbba61165e88e65941f16e9b36ea6ddb97f00452bae8b1287d3", size = 70442, upload-time = "2024-09-15T18:07:37.964Z" },
]

[[package]]
name = "joblib"
version = "1.5.1"
source = { registry = "https://pypi.org/simple" }
sdist = { url = "https://files.pythonhosted.org/packages/dc/fe/0f5a938c54105553436dbff7a61dc4fed4b1b2c98852f8833beaf4d5968f/joblib-1.5.1.tar.gz", hash = "sha256:f4f86e351f39fe3d0d32a9f2c3d8af1ee4cec285aafcb27003dda5205576b444", size = 330475, upload-time = "2025-05-23T12:04:37.097Z" }
wheels = [
    { url = "https://files.pythonhosted.org/packages/7d/4f/1195bbac8e0c2acc5f740661631d8d750dc38d4a32b23ee5df3cde6f4e0d/joblib-1.5.1-py3-none-any.whl", hash = "sha256:4719a31f054c7d766948dcd83e9613686b27114f190f717cec7eaa2084f8a74a", size = 307746, upload-time = "2025-05-23T12:04:35.124Z" },
]

[[package]]
name = "numpy"
version = "2.3.1"
source = { registry = "https://pypi.org/simple" }
sdist = { url = "https://files.pythonhosted.org/packages/2e/19/d7c972dfe90a353dbd3efbbe1d14a5951de80c99c9dc1b93cd998d51dc0f/numpy-2.3.1.tar.gz", hash = "sha256:1ec9ae20a4226da374362cca3c62cd753faf2f951440b0e3b98e93c235441d2b", size = 20390372, upload-time = "2025-06-21T12:28:33.469Z" }
wheels = [
    { url = "https://files.pythonhosted.org/packages/d4/bd/35ad97006d8abff8631293f8ea6adf07b0108ce6fec68da3c3fcca1197f2/numpy-2.3.1-cp313-cp313-macosx_10_13_x86_64.whl", hash = "sha256:25a1992b0a3fdcdaec9f552ef10d8103186f5397ab45e2d25f8ac51b1a6b97e8", size = 20889381, upload-time = "2025-06-21T12:19:04.103Z" },
    { url = "https://files.pythonhosted.org/packages/f1/4f/df5923874d8095b6062495b39729178eef4a922119cee32a12ee1bd4664c/numpy-2.3.1-cp313-cp313-macosx_11_0_arm64.whl", hash = "sha256:7dea630156d39b02a63c18f508f85010230409db5b2927ba59c8ba4ab3e8272e", size = 14152726, upload-time = "2025-06-21T12:19:25.599Z" },
    { url = "https://files.pythonhosted.org/packages/8c/0f/a1f269b125806212a876f7efb049b06c6f8772cf0121139f97774cd95626/numpy-2.3.1-cp313-cp313-macosx_14_0_arm64.whl", hash = "sha256:bada6058dd886061f10ea15f230ccf7dfff40572e99fef440a4a857c8728c9c0", size = 5105145, upload-time = "2025-06-21T12:19:34.782Z" },
    { url = "https://files.pythonhosted.org/packages/6d/63/a7f7fd5f375b0361682f6ffbf686787e82b7bbd561268e4f30afad2bb3c0/numpy-2.3.1-cp313-cp313-macosx_14_0_x86_64.whl", hash = "sha256:a894f3816eb17b29e4783e5873f92faf55b710c2519e5c351767c51f79d8526d", size = 6639409, upload-time = "2025-06-21T12:19:45.228Z" },
    { url = "https://files.pythonhosted.org/packages/bf/0d/1854a4121af895aab383f4aa233748f1df4671ef331d898e32426756a8a6/numpy-2.3.1-cp313-cp313-manylinux_2_28_aarch64.whl", hash = "sha256:18703df6c4a4fee55fd3d6e5a253d01c5d33a295409b03fda0c86b3ca2ff41a1", size = 14257630, upload-time = "2025-06-21T12:20:06.544Z" },
    { url = "https://files.pythonhosted.org/packages/50/30/af1b277b443f2fb08acf1c55ce9d68ee540043f158630d62cef012750f9f/numpy-2.3.1-cp313-cp313-manylinux_2_28_x86_64.whl", hash = "sha256:5902660491bd7a48b2ec16c23ccb9124b8abfd9583c5fdfa123fe6b421e03de1", size = 16627546, upload-time = "2025-06-21T12:20:31.002Z" },
    { url = "https://files.pythonhosted.org/packages/6e/ec/3b68220c277e463095342d254c61be8144c31208db18d3fd8ef02712bcd6/numpy-2.3.1-cp313-cp313-musllinux_1_2_aarch64.whl", hash = "sha256:36890eb9e9d2081137bd78d29050ba63b8dab95dff7912eadf1185e80074b2a0", size = 15562538, upload-time = "2025-06-21T12:20:54.322Z" },
    { url = "https://files.pythonhosted.org/packages/77/2b/4014f2bcc4404484021c74d4c5ee8eb3de7e3f7ac75f06672f8dcf85140a/numpy-2.3.1-cp313-cp313-musllinux_1_2_x86_64.whl", hash = "sha256:a780033466159c2270531e2b8ac063704592a0bc62ec4a1b991c7c40705eb0e8", size = 18360327, upload-time = "2025-06-21T12:21:21.053Z" },
    { url = "https://files.pythonhosted.org/packages/40/8d/2ddd6c9b30fcf920837b8672f6c65590c7d92e43084c25fc65edc22e93ca/numpy-2.3.1-cp313-cp313-win32.whl", hash = "sha256:39bff12c076812595c3a306f22bfe49919c5513aa1e0e70fac756a0be7c2a2b8", size = 6312330, upload-time = "2025-06-21T12:25:07.447Z" },
    { url = "https://files.pythonhosted.org/packages/dd/c8/beaba449925988d415efccb45bf977ff8327a02f655090627318f6398c7b/numpy-2.3.1-cp313-cp313-win_amd64.whl", hash = "sha256:8d5ee6eec45f08ce507a6570e06f2f879b374a552087a4179ea7838edbcbfa42", size = 12731565, upload-time = "2025-06-21T12:25:26.444Z" },
    { url = "https://files.pythonhosted.org/packages/0b/c3/5c0c575d7ec78c1126998071f58facfc124006635da75b090805e642c62e/numpy-2.3.1-cp313-cp313-win_arm64.whl", hash = "sha256:0c4d9e0a8368db90f93bd192bfa771ace63137c3488d198ee21dfb8e7771916e", size = 10190262, upload-time = "2025-06-21T12:25:42.196Z" },
    { url = "https://files.pythonhosted.org/packages/ea/19/a029cd335cf72f79d2644dcfc22d90f09caa86265cbbde3b5702ccef6890/numpy-2.3.1-cp313-cp313t-macosx_10_13_x86_64.whl", hash = "sha256:b0b5397374f32ec0649dd98c652a1798192042e715df918c20672c62fb52d4b8", size = 20987593, upload-time = "2025-06-21T12:21:51.664Z" },
    { url = "https://files.pythonhosted.org/packages/25/91/8ea8894406209107d9ce19b66314194675d31761fe2cb3c84fe2eeae2f37/numpy-2.3.1-cp313-cp313t-macosx_11_0_arm64.whl", hash = "sha256:c5bdf2015ccfcee8253fb8be695516ac4457c743473a43290fd36eba6a1777eb", size = 14300523, upload-time = "2025-06-21T12:22:13.583Z" },
    { url = "https://files.pythonhosted.org/packages/a6/7f/06187b0066eefc9e7ce77d5f2ddb4e314a55220ad62dd0bfc9f2c44bac14/numpy-2.3.1-cp313-cp313t-macosx_14_0_arm64.whl", hash = "sha256:d70f20df7f08b90a2062c1f07737dd340adccf2068d0f1b9b3d56e2038979fee", size = 5227993, upload-time = "2025-06-21T12:22:22.53Z" },
    { url = "https://files.pythonhosted.org/packages/e8/ec/a926c293c605fa75e9cfb09f1e4840098ed46d2edaa6e2152ee35dc01ed3/numpy-2.3.1-cp313-cp313t-macosx_14_0_x86_64.whl", hash = "sha256:2fb86b7e58f9ac50e1e9dd1290154107e47d1eef23a0ae9145ded06ea606f992", size = 6736652, upload-time = "2025-06-21T12:22:33.629Z" },
    { url = "https://files.pythonhosted.org/packages/e3/62/d68e52fb6fde5586650d4c0ce0b05ff3a48ad4df4ffd1b8866479d1d671d/numpy-2.3.1-cp313-cp313t-manylinux_2_28_aarch64.whl", hash = "sha256:23ab05b2d241f76cb883ce8b9a93a680752fbfcbd51c50eff0b88b979e471d8c", size = 14331561, upload-time = "2025-06-21T12:22:55.056Z" },
    { url = "https://files.pythonhosted.org/packages/fc/ec/b74d3f2430960044bdad6900d9f5edc2dc0fb8bf5a0be0f65287bf2cbe27/numpy-2.3.1-cp313-cp313t-manylinux_2_28_x86_64.whl", hash = "sha256:ce2ce9e5de4703a673e705183f64fd5da5bf36e7beddcb63a25ee2286e71ca48", size = 16693349, upload-time = "2025-06-21T12:23:20.53Z" },
    { url = "https://files.pythonhosted.org/packages/0d/15/def96774b9d7eb198ddadfcbd20281b20ebb510580419197e225f5c55c3e/numpy-2.3.1-cp313-cp313t-musllinux_1_2_aarch64.whl", hash = "sha256:c4913079974eeb5c16ccfd2b1f09354b8fed7e0d6f2cab933104a09a6419b1ee", size = 15642053, upload-time = "2025-06-21T12:23:43.697Z" },
    { url = "https://files.pythonhosted.org/packages/2b/57/c3203974762a759540c6ae71d0ea2341c1fa41d84e4971a8e76d7141678a/numpy-2.3.1-cp313-cp313t-musllinux_1_2_x86_64.whl", hash = "sha256:010ce9b4f00d5c036053ca684c77441f2f2c934fd23bee058b4d6f196efd8280", size = 18434184, upload-time = "2025-06-21T12:24:10.708Z" },
    { url = "https://files.pythonhosted.org/packages/22/8a/ccdf201457ed8ac6245187850aff4ca56a79edbea4829f4e9f14d46fa9a5/numpy-2.3.1-cp313-cp313t-win32.whl", hash = "sha256:6269b9edfe32912584ec496d91b00b6d34282ca1d07eb10e82dfc780907d6c2e", size = 6440678, upload-time = "2025-06-21T12:24:21.596Z" },
    { url = "https://files.pythonhosted.org/packages/f1/7e/7f431d8bd8eb7e03d79294aed238b1b0b174b3148570d03a8a8a8f6a0da9/numpy-2.3.1-cp313-cp313t-win_amd64.whl", hash = "sha256:2a809637460e88a113e186e87f228d74ae2852a2e0c44de275263376f17b5bdc", size = 12870697, upload-time = "2025-06-21T12:24:40.644Z" },
    { url = "https://files.pythonhosted.org/packages/d4/ca/af82bf0fad4c3e573c6930ed743b5308492ff19917c7caaf2f9b6f9e2e98/numpy-2.3.1-cp313-cp313t-win_arm64.whl", hash = "sha256:eccb9a159db9aed60800187bc47a6d3451553f0e1b08b068d8b277ddfbb9b244", size = 10260376, upload-time = "2025-06-21T12:24:56.884Z" },
]

[[package]]
name = "packaging"
version = "25.0"
source = { registry = "https://pypi.org/simple" }
sdist = { url = "https://files.pythonhosted.org/packages/a1/d4/1fc4078c65507b51b96ca8f8c3ba19e6a61c8253c72794544580a7b6c24d/packaging-25.0.tar.gz", hash = "sha256:d443872c98d677bf60f6a1f2f8c1cb748e8fe762d2bf9d3148b5599295b0fc4f", size = 165727, upload-time = "2025-04-19T11:48:59.673Z" }
wheels = [
    { url = "https://files.pythonhosted.org/packages/20/12/38679034af332785aac8774540895e234f4d07f7545804097de4b666afd8/packaging-25.0-py3-none-any.whl", hash = "sha256:29572ef2b1f17581046b3a2227d5c611fb25ec70ca1ba8554b24b0e69331a484", size = 66469, upload-time = "2025-04-19T11:48:57.875Z" },
]

[[package]]
name = "py-cpuinfo"
version = "9.0.0"
source = { registry = "https://pypi.org/simple" }
sdist = { url = "https://files.pythonhosted.org/packages/37/a8/d832f7293ebb21690860d2e01d8115e5ff6f2ae8bbdc953f0eb0fa4bd2c7/py-cpuinfo-9.0.0.tar.gz", hash = "sha256:3cdbbf3fac90dc6f118bfd64384f309edeadd902d7c8fb17f02ffa1fc3f49690", size = 104716, upload-time = "2022-10-25T20:38:06.303Z" }
wheels = [
    { url = "https://files.pythonhosted.org/packages/e0/a9/023730ba63db1e494a271cb018dcd361bd2c917ba7004c3e49d5daf795a2/py_cpuinfo-9.0.0-py3-none-any.whl", hash = "sha256:859625bc251f64e21f077d099d4162689c762b5d6a4c3c97553d56241c9674d5", size = 22335, upload-time = "2022-10-25T20:38:27.636Z" },
]

[[package]]
name = "repl-benches"
version = "0.1.0"
source = { virtual = "." }
dependencies = [
    { name = "annoy" },
    { name = "faiss-cpu" },
    { name = "h5py" },
    { name = "py-cpuinfo" },
    { name = "requests" },
    { name = "scikit-learn" },
    { name = "usearch" },
]

[package.metadata]
requires-dist = [
    { name = "annoy", specifier = ">=1.17.3" },
    { name = "faiss-cpu", specifier = ">=1.11.0" },
    { name = "h5py", specifier = ">=3.14.0" },
    { name = "py-cpuinfo", specifier = ">=9.0.0" },
    { name = "requests", specifier = ">=2.32.4" },
    { name = "scikit-learn", specifier = ">=1.7.0" },
    { name = "usearch", specifier = ">=2.19.0" },
]

[[package]]
name = "requests"
version = "2.32.4"
source = { registry = "https://pypi.org/simple" }
dependencies = [
    { name = "certifi" },
    { name = "charset-normalizer" },
    { name = "idna" },
    { name = "urllib3" },
]
sdist = { url = "https://files.pythonhosted.org/packages/e1/0a/929373653770d8a0d7ea76c37de6e41f11eb07559b103b1c02cafb3f7cf8/requests-2.32.4.tar.gz", hash = "sha256:27d0316682c8a29834d3264820024b62a36942083d52caf2f14c0591336d3422", size = 135258, upload-time = "2025-06-09T16:43:07.34Z" }
wheels = [
    { url = "https://files.pythonhosted.org/packages/7c/e4/56027c4a6b4ae70ca9de302488c5ca95ad4a39e190093d6c1a8ace08341b/requests-2.32.4-py3-none-any.whl", hash = "sha256:27babd3cda2a6d50b30443204ee89830707d396671944c998b5975b031ac2b2c", size = 64847, upload-time = "2025-06-09T16:43:05.728Z" },
]

[[package]]
name = "scikit-learn"
version = "1.7.0"
source = { registry = "https://pypi.org/simple" }
dependencies = [
    { name = "joblib" },
    { name = "numpy" },
    { name = "scipy" },
    { name = "threadpoolctl" },
]
sdist = { url = "https://files.pythonhosted.org/packages/df/3b/29fa87e76b1d7b3b77cc1fcbe82e6e6b8cd704410705b008822de530277c/scikit_learn-1.7.0.tar.gz", hash = "sha256:c01e869b15aec88e2cdb73d27f15bdbe03bce8e2fb43afbe77c45d399e73a5a3", size = 7178217, upload-time = "2025-06-05T22:02:46.703Z" }
wheels = [
    { url = "https://files.pythonhosted.org/packages/9a/c3/a85dcccdaf1e807e6f067fa95788a6485b0491d9ea44fd4c812050d04f45/scikit_learn-1.7.0-cp313-cp313-macosx_10_13_x86_64.whl", hash = "sha256:5b7974f1f32bc586c90145df51130e02267e4b7e77cab76165c76cf43faca0d9", size = 11559841, upload-time = "2025-06-05T22:02:23.308Z" },
    { url = "https://files.pythonhosted.org/packages/d8/57/eea0de1562cc52d3196eae51a68c5736a31949a465f0b6bb3579b2d80282/scikit_learn-1.7.0-cp313-cp313-macosx_12_0_arm64.whl", hash = "sha256:014e07a23fe02e65f9392898143c542a50b6001dbe89cb867e19688e468d049b", size = 10616463, upload-time = "2025-06-05T22:02:26.068Z" },
    { url = "https://files.pythonhosted.org/packages/10/a4/39717ca669296dfc3a62928393168da88ac9d8cbec88b6321ffa62c6776f/scikit_learn-1.7.0-cp313-cp313-manylinux_2_17_aarch64.manylinux2014_aarch64.whl", hash = "sha256:e7e7ced20582d3a5516fb6f405fd1d254e1f5ce712bfef2589f51326af6346e8", size = 11766512, upload-time = "2025-06-05T22:02:28.689Z" },
    { url = "https://files.pythonhosted.org/packages/d5/cd/a19722241d5f7b51e08351e1e82453e0057aeb7621b17805f31fcb57bb6c/scikit_learn-1.7.0-cp313-cp313-manylinux_2_17_x86_64.manylinux2014_x86_64.whl", hash = "sha256:1babf2511e6ffd695da7a983b4e4d6de45dce39577b26b721610711081850906", size = 12461075, upload-time = "2025-06-05T22:02:31.233Z" },
    { url = "https://files.pythonhosted.org/packages/f3/bc/282514272815c827a9acacbe5b99f4f1a4bc5961053719d319480aee0812/scikit_learn-1.7.0-cp313-cp313-win_amd64.whl", hash = "sha256:5abd2acff939d5bd4701283f009b01496832d50ddafa83c90125a4e41c33e314", size = 10652517, upload-time = "2025-06-05T22:02:34.139Z" },
    { url = "https://files.pythonhosted.org/packages/ea/78/7357d12b2e4c6674175f9a09a3ba10498cde8340e622715bcc71e532981d/scikit_learn-1.7.0-cp313-cp313t-macosx_10_13_x86_64.whl", hash = "sha256:e39d95a929b112047c25b775035c8c234c5ca67e681ce60d12413afb501129f7", size = 12111822, upload-time = "2025-06-05T22:02:36.904Z" },
    { url = "https://files.pythonhosted.org/packages/d0/0c/9c3715393343f04232f9d81fe540eb3831d0b4ec351135a145855295110f/scikit_learn-1.7.0-cp313-cp313t-macosx_12_0_arm64.whl", hash = "sha256:0521cb460426c56fee7e07f9365b0f45ec8ca7b2d696534ac98bfb85e7ae4775", size = 11325286, upload-time = "2025-06-05T22:02:39.739Z" },
    { url = "https://files.pythonhosted.org/packages/64/e0/42282ad3dd70b7c1a5f65c412ac3841f6543502a8d6263cae7b466612dc9/scikit_learn-1.7.0-cp313-cp313t-manylinux_2_17_x86_64.manylinux2014_x86_64.whl", hash = "sha256:317ca9f83acbde2883bd6bb27116a741bfcb371369706b4f9973cf30e9a03b0d", size = 12380865, upload-time = "2025-06-05T22:02:42.137Z" },
    { url = "https://files.pythonhosted.org/packages/4e/d0/3ef4ab2c6be4aa910445cd09c5ef0b44512e3de2cfb2112a88bb647d2cf7/scikit_learn-1.7.0-cp313-cp313t-win_amd64.whl", hash = "sha256:126c09740a6f016e815ab985b21e3a0656835414521c81fc1a8da78b679bdb75", size = 11549609, upload-time = "2025-06-05T22:02:44.483Z" },
]

[[package]]
name = "scipy"
version = "1.16.0"
source = { registry = "https://pypi.org/simple" }
dependencies = [
    { name = "numpy" },
]
sdist = { url = "https://files.pythonhosted.org/packages/81/18/b06a83f0c5ee8cddbde5e3f3d0bb9b702abfa5136ef6d4620ff67df7eee5/scipy-1.16.0.tar.gz", hash = "sha256:b5ef54021e832869c8cfb03bc3bf20366cbcd426e02a58e8a58d7584dfbb8f62", size = 30581216, upload-time = "2025-06-22T16:27:55.782Z" }
wheels = [
    { url = "https://files.pythonhosted.org/packages/46/95/0746417bc24be0c2a7b7563946d61f670a3b491b76adede420e9d173841f/scipy-1.16.0-cp313-cp313-macosx_10_14_x86_64.whl", hash = "sha256:e9f414cbe9ca289a73e0cc92e33a6a791469b6619c240aa32ee18abdce8ab451", size = 36418162, upload-time = "2025-06-22T16:19:56.3Z" },
    { url = "https://files.pythonhosted.org/packages/19/5a/914355a74481b8e4bbccf67259bbde171348a3f160b67b4945fbc5f5c1e5/scipy-1.16.0-cp313-cp313-macosx_12_0_arm64.whl", hash = "sha256:bbba55fb97ba3cdef9b1ee973f06b09d518c0c7c66a009c729c7d1592be1935e", size = 28465985, upload-time = "2025-06-22T16:20:01.238Z" },
    { url = "https://files.pythonhosted.org/packages/58/46/63477fc1246063855969cbefdcee8c648ba4b17f67370bd542ba56368d0b/scipy-1.16.0-cp313-cp313-macosx_14_0_arm64.whl", hash = "sha256:58e0d4354eacb6004e7aa1cd350e5514bd0270acaa8d5b36c0627bb3bb486974", size = 20737961, upload-time = "2025-06-22T16:20:05.913Z" },
    { url = "https://files.pythonhosted.org/packages/93/86/0fbb5588b73555e40f9d3d6dde24ee6fac7d8e301a27f6f0cab9d8f66ff2/scipy-1.16.0-cp313-cp313-macosx_14_0_x86_64.whl", hash = "sha256:75b2094ec975c80efc273567436e16bb794660509c12c6a31eb5c195cbf4b6dc", size = 23377941, upload-time = "2025-06-22T16:20:10.668Z" },
    { url = "https://files.pythonhosted.org/packages/ca/80/a561f2bf4c2da89fa631b3cbf31d120e21ea95db71fd9ec00cb0247c7a93/scipy-1.16.0-cp313-cp313-manylinux2014_aarch64.manylinux_2_17_aarch64.whl", hash = "sha256:6b65d232157a380fdd11a560e7e21cde34fdb69d65c09cb87f6cc024ee376351", size = 33196703, upload-time = "2025-06-22T16:20:16.097Z" },
    { url = "https://files.pythonhosted.org/packages/11/6b/3443abcd0707d52e48eb315e33cc669a95e29fc102229919646f5a501171/scipy-1.16.0-cp313-cp313-manylinux2014_x86_64.manylinux_2_17_x86_64.whl", hash = "sha256:1d8747f7736accd39289943f7fe53a8333be7f15a82eea08e4afe47d79568c32", size = 35083410, upload-time = "2025-06-22T16:20:21.734Z" },
    { url = "https://files.pythonhosted.org/packages/20/ab/eb0fc00e1e48961f1bd69b7ad7e7266896fe5bad4ead91b5fc6b3561bba4/scipy-1.16.0-cp313-cp313-musllinux_1_2_aarch64.whl", hash = "sha256:eb9f147a1b8529bb7fec2a85cf4cf42bdfadf9e83535c309a11fdae598c88e8b", size = 35387829, upload-time = "2025-06-22T16:20:27.548Z" },
    { url = "https://files.pythonhosted.org/packages/57/9e/d6fc64e41fad5d481c029ee5a49eefc17f0b8071d636a02ceee44d4a0de2/scipy-1.16.0-cp313-cp313-musllinux_1_2_x86_64.whl", hash = "sha256:d2b83c37edbfa837a8923d19c749c1935ad3d41cf196006a24ed44dba2ec4358", size = 37841356, upload-time = "2025-06-22T16:20:35.112Z" },
    { url = "https://files.pythonhosted.org/packages/7c/a7/4c94bbe91f12126b8bf6709b2471900577b7373a4fd1f431f28ba6f81115/scipy-1.16.0-cp313-cp313-win_amd64.whl", hash = "sha256:79a3c13d43c95aa80b87328a46031cf52508cf5f4df2767602c984ed1d3c6bbe", size = 38403710, upload-time = "2025-06-22T16:21:54.473Z" },
    { url = "https://files.pythonhosted.org/packages/47/20/965da8497f6226e8fa90ad3447b82ed0e28d942532e92dd8b91b43f100d4/scipy-1.16.0-cp313-cp313t-macosx_10_14_x86_64.whl", hash = "sha256:f91b87e1689f0370690e8470916fe1b2308e5b2061317ff76977c8f836452a47", size = 36813833, upload-time = "2025-06-22T16:20:43.925Z" },
    { url = "https://files.pythonhosted.org/packages/28/f4/197580c3dac2d234e948806e164601c2df6f0078ed9f5ad4a62685b7c331/scipy-1.16.0-cp313-cp313t-macosx_12_0_arm64.whl", hash = "sha256:88a6ca658fb94640079e7a50b2ad3b67e33ef0f40e70bdb7dc22017dae73ac08", size = 28974431, upload-time = "2025-06-22T16:20:51.302Z" },
    { url = "https://files.pythonhosted.org/packages/8a/fc/e18b8550048d9224426e76906694c60028dbdb65d28b1372b5503914b89d/scipy-1.16.0-cp313-cp313t-macosx_14_0_arm64.whl", hash = "sha256:ae902626972f1bd7e4e86f58fd72322d7f4ec7b0cfc17b15d4b7006efc385176", size = 21246454, upload-time = "2025-06-22T16:20:57.276Z" },
    { url = "https://files.pythonhosted.org/packages/8c/48/07b97d167e0d6a324bfd7484cd0c209cc27338b67e5deadae578cf48e809/scipy-1.16.0-cp313-cp313t-macosx_14_0_x86_64.whl", hash = "sha256:8cb824c1fc75ef29893bc32b3ddd7b11cf9ab13c1127fe26413a05953b8c32ed", size = 23772979, upload-time = "2025-06-22T16:21:03.363Z" },
    { url = "https://files.pythonhosted.org/packages/4c/4f/9efbd3f70baf9582edf271db3002b7882c875ddd37dc97f0f675ad68679f/scipy-1.16.0-cp313-cp313t-manylinux2014_aarch64.manylinux_2_17_aarch64.whl", hash = "sha256:de2db7250ff6514366a9709c2cba35cb6d08498e961cba20d7cff98a7ee88938", size = 33341972, upload-time = "2025-06-22T16:21:11.14Z" },
    { url = "https://files.pythonhosted.org/packages/3f/dc/9e496a3c5dbe24e76ee24525155ab7f659c20180bab058ef2c5fa7d9119c/scipy-1.16.0-cp313-cp313t-manylinux2014_x86_64.manylinux_2_17_x86_64.whl", hash = "sha256:e85800274edf4db8dd2e4e93034f92d1b05c9421220e7ded9988b16976f849c1", size = 35185476, upload-time = "2025-06-22T16:21:19.156Z" },
    { url = "https://files.pythonhosted.org/packages/ce/b3/21001cff985a122ba434c33f2c9d7d1dc3b669827e94f4fc4e1fe8b9dfd8/scipy-1.16.0-cp313-cp313t-musllinux_1_2_aarch64.whl", hash = "sha256:4f720300a3024c237ace1cb11f9a84c38beb19616ba7c4cdcd771047a10a1706", size = 35570990, upload-time = "2025-06-22T16:21:27.797Z" },
    { url = "https://files.pythonhosted.org/packages/e5/d3/7ba42647d6709251cdf97043d0c107e0317e152fa2f76873b656b509ff55/scipy-1.16.0-cp313-cp313t-musllinux_1_2_x86_64.whl", hash = "sha256:aad603e9339ddb676409b104c48a027e9916ce0d2838830691f39552b38a352e", size = 37950262, upload-time = "2025-06-22T16:21:36.976Z" },
    { url = "https://files.pythonhosted.org/packages/eb/c4/231cac7a8385394ebbbb4f1ca662203e9d8c332825ab4f36ffc3ead09a42/scipy-1.16.0-cp313-cp313t-win_amd64.whl", hash = "sha256:f56296fefca67ba605fd74d12f7bd23636267731a72cb3947963e76b8c0a25db", size = 38515076, upload-time = "2025-06-22T16:21:45.694Z" },
]

[[package]]
name = "simsimd"
version = "6.5.0"
source = { registry = "https://pypi.org/simple" }
sdist = { url = "https://files.pythonhosted.org/packages/a5/ce/9c4b121de05d1613fa594e3f36772d037b42c3f1d8ff8d2ffd3de2e71be3/simsimd-6.5.0.tar.gz", hash = "sha256:4a505aa950f4771296cd592639f3aff445077c881d36bd95ea93e8f3f7cacbce", size = 172362, upload-time = "2025-07-07T13:28:14.199Z" }
wheels = [
    { url = "https://files.pythonhosted.org/packages/11/ac/81fafb24dcddfebed6c9f372f5be9f0bdf4086f67d988aef39d3432c4268/simsimd-6.5.0-cp313-cp313-macosx_10_13_x86_64.whl", hash = "sha256:d374dd56b7cd4c40837b965ad411732af1799c8fc978b95726b61178ba7a9f5e", size = 177652, upload-time = "2025-07-07T13:26:30.973Z" },
    { url = "https://files.pythonhosted.org/packages/8f/9f/47b77b8424ee7a93b46de2ec0107040b94f06d5a0f925b4b79b515f86de0/simsimd-6.5.0-cp313-cp313-macosx_11_0_arm64.whl", hash = "sha256:c4ab034122aed75a67bc7ecbd7ebaa165ac43ea8db482917dfce05d835746919", size = 134073, upload-time = "2025-07-07T13:26:32.471Z" },
    { url = "https://files.pythonhosted.org/packages/a2/aa/1d35f67c70e8c1be956c7864041f0002f984873fbe3f1e70962b1842fdb3/simsimd-6.5.0-cp313-cp313-manylinux2014_aarch64.manylinux_2_17_aarch64.manylinux_2_28_aarch64.whl", hash = "sha256:383c4a522f8756f3edd3b0e30bed21475a2f220aa1fe769a884784df10913d7c", size = 563183, upload-time = "2025-07-07T13:26:34.355Z" },
    { url = "https://files.pythonhosted.org/packages/ac/d1/b3a4a203e1281a93dee78b7c13ca438af492eb29d823b18730a12dae7a2e/simsimd-6.5.0-cp313-cp313-manylinux2014_i686.manylinux_2_17_i686.whl", hash = "sha256:8d4eb72270ae487c1f250948d6b6eb9b47ef96b5d4323856a5b062f2bdfa4936", size = 311299, upload-time = "2025-07-07T13:26:35.886Z" },
    { url = "https://files.pythonhosted.org/packages/07/f1/e3ec585efbaa0572c64216f408059d65197ce975884e02508469fb15c2d9/simsimd-6.5.0-cp313-cp313-manylinux2014_ppc64le.manylinux_2_17_ppc64le.manylinux_2_28_ppc64le.whl", hash = "sha256:a97e6c1ad5e6a09bd6627a858715f4eab01fd70803f2f868173a919a38ebf6d7", size = 411413, upload-time = "2025-07-07T13:26:37.476Z" },
    { url = "https://files.pythonhosted.org/packages/7b/57/172dfbb1aa21c6f19398bcfa0f54bb70806bc2447ecb39208816d69cf251/simsimd-6.5.0-cp313-cp313-manylinux2014_s390x.manylinux_2_17_s390x.manylinux_2_28_s390x.whl", hash = "sha256:adc02a6234fdaeb52486dd75214456cdc0f40eed00df9536ecb9a32d31a662b3", size = 368019, upload-time = "2025-07-07T13:26:39.194Z" },
    { url = "https://files.pythonhosted.org/packages/9a/26/813444ef274c38a49108cd74b80be43fff6c895e79dea307ad003e561bf1/simsimd-6.5.0-cp313-cp313-manylinux_2_24_x86_64.manylinux_2_28_x86_64.whl", hash = "sha256:f83a979792fcf2e4775331cadda99e439b6211ed775d1ad75d29d0d0566abaf5", size = 1068427, upload-time = "2025-07-07T13:26:40.76Z" },
    { url = "https://files.pythonhosted.org/packages/e1/db/213ffaab70134f4fe5c745ddf512f83c870e1f53c0e422c043b12d60791f/simsimd-6.5.0-cp313-cp313-musllinux_1_2_aarch64.whl", hash = "sha256:7f9b381d07524e3855e9ea2f014ae686043e5bbcfabc2b147e0e3103c807062e", size = 598292, upload-time = "2025-07-07T13:26:42.445Z" },
    { url = "https://files.pythonhosted.org/packages/dc/fb/63098e8c94d0888507984880d12c5078f169d5eb6bea3941a878c9b5e04f/simsimd-6.5.0-cp313-cp313-musllinux_1_2_i686.whl", hash = "sha256:7237a6dc33320dfd65131974a16956aedfab306539f4933b9b6e68e39c9cf591", size = 402240, upload-time = "2025-07-07T13:26:43.977Z" },
    { url = "https://files.pythonhosted.org/packages/4b/a7/9be3db3c46942e698fbce73e42bcce62bc53d8e6bd50824a81b5431a5560/simsimd-6.5.0-cp313-cp313-musllinux_1_2_ppc64le.whl", hash = "sha256:bbc8742ae590104edba9fc7981704b9d07380e7846f61d9d1c6c4d9ad68461d2", size = 460984, upload-time = "2025-07-07T13:26:45.927Z" },
    { url = "https://files.pythonhosted.org/packages/29/c2/11e34f98a1410799e878222643f39dd7b620754bbfa70f1509d13af2640d/simsimd-6.5.0-cp313-cp313-musllinux_1_2_s390x.whl", hash = "sha256:0db5794aab6caa31a26b1e06ef7160e76d8fa85fdf9f6d6433c3c24a3168ed6e", size = 372594, upload-time = "2025-07-07T13:26:48.024Z" },
    { url = "https://files.pythonhosted.org/packages/c2/ea/71245bd4bb8f8eb3c3c135bfb112c8e4a36e7642a82cf0e567accee5e884/simsimd-6.5.0-cp313-cp313-musllinux_1_2_x86_64.whl", hash = "sha256:fb2323a4ba6e7cecb079cad7176d4d6174cef0ffbeeb2a7f1e5298830dff2912", size = 1001277, upload-time = "2025-07-07T13:26:50.371Z" },
    { url = "https://files.pythonhosted.org/packages/51/d9/6a43e07e1e206c154552cfab6d7cb4ceab90b24c7e58cee0c82da5863aca/simsimd-6.5.0-cp313-cp313-win_amd64.whl", hash = "sha256:054cc1ab9fd3f37b67d8ad39fd3e18a8919b32af1d05952559907fa03b599bd7", size = 94840, upload-time = "2025-07-07T13:26:52.066Z" },
    { url = "https://files.pythonhosted.org/packages/1d/84/ada8d8d91a25b840879b72c3f1dcd78fd4048d88688ab64145f28c03c12b/simsimd-6.5.0-cp313-cp313-win_arm64.whl", hash = "sha256:e54331dd7915795ef382a082dfba7c52187cb97da647e20b75caa18f373aa76a", size = 59473, upload-time = "2025-07-07T13:26:54.776Z" },
    { url = "https://files.pythonhosted.org/packages/e6/64/05fa2ca8e8ac49e5c5d86ac670dbe3f6f566b0c085d55f115d15423e77f1/simsimd-6.5.0-cp313-cp313t-macosx_10_13_x86_64.whl", hash = "sha256:e00a69341e2c5aa1a1dacc17a964a53c4281918d8118ee5313483978cf04fa08", size = 177804, upload-time = "2025-07-07T13:26:56.67Z" },
    { url = "https://files.pythonhosted.org/packages/1a/8a/0d94d105e27826b0330d7937b95ecaeee91e312ecaa0639d1ecfc95dabac/simsimd-6.5.0-cp313-cp313t-macosx_11_0_arm64.whl", hash = "sha256:72d659d23186f370a5332285913a3d8158e315b906e6ab13de41ccaf624878b1", size = 134349, upload-time = "2025-07-07T13:26:58.597Z" },
    { url = "https://files.pythonhosted.org/packages/31/82/1d971ad0a51943378c787fd2b77f0498ad73c121e239fc85440985b9bead/simsimd-6.5.0-cp313-cp313t-manylinux2014_aarch64.manylinux_2_17_aarch64.manylinux_2_28_aarch64.whl", hash = "sha256:56b57ab82e862aa60281700904f0258cb3933d4d3f4dcc46ba0f4e719907ca74", size = 564951, upload-time = "2025-07-07T13:27:00.621Z" },
    { url = "https://files.pythonhosted.org/packages/be/77/0edf99e3b76b423f9c9d188eb22d18e4a93db06dc41d1f41a0cca44927a4/simsimd-6.5.0-cp313-cp313t-manylinux2014_i686.manylinux_2_17_i686.whl", hash = "sha256:9719b61fe4e413f5ec0f699c2bbd4455e305f049314d357f35773d9ffc8b6aa9", size = 312314, upload-time = "2025-07-07T13:27:02.306Z" },
    { url = "https://files.pythonhosted.org/packages/5f/b6/f1224eb643ea798dc7ce58838fe25a2aecb950aa8856c2492f668359e3bd/simsimd-6.5.0-cp313-cp313t-manylinux2014_ppc64le.manylinux_2_17_ppc64le.manylinux_2_28_ppc64le.whl", hash = "sha256:00c94d1341e9fcf2e136dcea7e1a40ff2213271ab10d8c9d59054a9bc9ef6ec1", size = 413062, upload-time = "2025-07-07T13:27:03.943Z" },
    { url = "https://files.pythonhosted.org/packages/02/71/833b79fe04894e97601b17838e0010337a21f9e9d43a4eace56eeb53d66e/simsimd-6.5.0-cp313-cp313t-manylinux2014_s390x.manylinux_2_17_s390x.manylinux_2_28_s390x.whl", hash = "sha256:519633851ae9db8be8f1b89a2cc43bcdae3de433f4a8b4edec8452e91bae9398", size = 369541, upload-time = "2025-07-07T13:27:05.575Z" },
    { url = "https://files.pythonhosted.org/packages/a0/e1/d61661d6f97482cb6a20cb7c1715bfb4925e0e3b0613602dfe7dc7c1f0ba/simsimd-6.5.0-cp313-cp313t-manylinux_2_24_x86_64.manylinux_2_28_x86_64.whl", hash = "sha256:0c6ec3242ae7da299827017bb93b474fd63c96b147619a7a029679e73af3e1a3", size = 1069925, upload-time = "2025-07-07T13:27:07.238Z" },
    { url = "https://files.pythonhosted.org/packages/e6/2e/97f7908f2f31778761ce2a76bc87dc4abdd1e91b031edce25831c0445c9c/simsimd-6.5.0-cp313-cp313t-musllinux_1_2_aarch64.whl", hash = "sha256:d36a2620639d568e4602e202e334ef530ef2a1dbe26b4f3362a2e54abbb03de0", size = 599806, upload-time = "2025-07-07T13:27:08.987Z" },
    { url = "https://files.pythonhosted.org/packages/3f/5a/7673e44283afe3cd998fb85f5a48e39aa698ee49de39648008548c38ed01/simsimd-6.5.0-cp313-cp313t-musllinux_1_2_i686.whl", hash = "sha256:520ff73002d99fe87bccf037581a3468253644f3f3b615b4db87bc97da35291a", size = 403592, upload-time = "2025-07-07T13:27:11.099Z" },
    { url = "https://files.pythonhosted.org/packages/17/e9/550d53209569b856941cde22799472c21a6743145f64d5d7e272ec41db90/simsimd-6.5.0-cp313-cp313t-musllinux_1_2_ppc64le.whl", hash = "sha256:56886758f78bbc1b87462e06be9b1e279d00d483a957645de366c9a1ab0d96bd", size = 462308, upload-time = "2025-07-07T13:27:12.702Z" },
    { url = "https://files.pythonhosted.org/packages/8f/ab/686c905865affa943ce18612bf349fe15f2fcd124d066301c9c67a279818/simsimd-6.5.0-cp313-cp313t-musllinux_1_2_s390x.whl", hash = "sha256:45c4e5427e90279e807f00c22dcbd474f6894df2d7b6f038d678ff14cf9c8f38", size = 374021, upload-time = "2025-07-07T13:27:14.523Z" },
    { url = "https://files.pythonhosted.org/packages/b9/e2/c842d023950f85d9f8e225164e29b95cd9af69a2baf5587cdd02d7d0bd73/simsimd-6.5.0-cp313-cp313t-musllinux_1_2_x86_64.whl", hash = "sha256:b68c0c3e1b305fc27f0330a8f8b9b0e198df6ed922d3760dddb93992ecd705fb", size = 1002516, upload-time = "2025-07-07T13:27:16.361Z" },
    { url = "https://files.pythonhosted.org/packages/fc/3b/7bd3a7115bfa12004ae0f0504dc446e5bb07d7cb7e548f33c4b7b8012e55/simsimd-6.5.0-cp313-cp313t-win_amd64.whl", hash = "sha256:5a5f085ea986d7113d44c3e782dad82a34034dad04bfe36313bebe3fdc7a4bc8", size = 94995, upload-time = "2025-07-07T13:27:18.108Z" },
    { url = "https://files.pythonhosted.org/packages/33/cb/e24f7e3bd6b4d89d4cae0bcb66452b57859a13bc3707ca9e2f2ef1c7c5aa/simsimd-6.5.0-cp313-cp313t-win_arm64.whl", hash = "sha256:b68e80ad63687b18d21fbd83fa6cd51e623b213548e85ec2b5b993259fc2e227", size = 59665, upload-time = "2025-07-07T13:27:22.149Z" },
]

[[package]]
name = "threadpoolctl"
version = "3.6.0"
source = { registry = "https://pypi.org/simple" }
sdist = { url = "https://files.pythonhosted.org/packages/b7/4d/08c89e34946fce2aec4fbb45c9016efd5f4d7f24af8e5d93296e935631d8/threadpoolctl-3.6.0.tar.gz", hash = "sha256:8ab8b4aa3491d812b623328249fab5302a68d2d71745c8a4c719a2fcaba9f44e", size = 21274, upload-time = "2025-03-13T13:49:23.031Z" }
wheels = [
    { url = "https://files.pythonhosted.org/packages/32/d5/f9a850d79b0851d1d4ef6456097579a9005b31fea68726a4ae5f2d82ddd9/threadpoolctl-3.6.0-py3-none-any.whl", hash = "sha256:43a0b8fd5a2928500110039e43a5eed8480b918967083ea48dc3ab9f13c4a7fb", size = 18638, upload-time = "2025-03-13T13:49:21.846Z" },
]

[[package]]
name = "tqdm"
version = "4.67.1"
source = { registry = "https://pypi.org/simple" }
dependencies = [
    { name = "colorama", marker = "sys_platform == 'win32'" },
]
sdist = { url = "https://files.pythonhosted.org/packages/a8/4b/29b4ef32e036bb34e4ab51796dd745cdba7ed47ad142a9f4a1eb8e0c744d/tqdm-4.67.1.tar.gz", hash = "sha256:f8aef9c52c08c13a65f30ea34f4e5aac3fd1a34959879d7e59e63027286627f2", size = 169737, upload-time = "2024-11-24T20:12:22.481Z" }
wheels = [
    { url = "https://files.pythonhosted.org/packages/d0/30/dc54f88dd4a2b5dc8a0279bdd7270e735851848b762aeb1c1184ed1f6b14/tqdm-4.67.1-py3-none-any.whl", hash = "sha256:26445eca388f82e72884e0d580d5464cd801a3ea01e63e5601bdff9ba6a48de2", size = 78540, upload-time = "2024-11-24T20:12:19.698Z" },
]

[[package]]
name = "urllib3"
version = "2.5.0"
source = { registry = "https://pypi.org/simple" }
sdist = { url = "https://files.pythonhosted.org/packages/15/22/9ee70a2574a4f4599c47dd506532914ce044817c7752a79b6a51286319bc/urllib3-2.5.0.tar.gz", hash = "sha256:3fc47733c7e419d4bc3f6b3dc2b4f890bb743906a30d56ba4a5bfa4bbff92760", size = 393185, upload-time = "2025-06-18T14:07:41.644Z" }
wheels = [
    { url = "https://files.pythonhosted.org/packages/a7/c2/fe1e52489ae3122415c51f387e221dd0773709bad6c6cdaa599e8a2c5185/urllib3-2.5.0-py3-none-any.whl", hash = "sha256:e6b01673c0fa6a13e374b50871808eb3bf7046c4b125b216f6bf1cc604cff0dc", size = 129795, upload-time = "2025-06-18T14:07:40.39Z" },
]

[[package]]
name = "usearch"
version = "2.19.0"
source = { registry = "https://pypi.org/simple" }
dependencies = [
    { name = "numpy" },
    { name = "simsimd" },
    { name = "tqdm" },
]
wheels = [
    { url = "https://files.pythonhosted.org/packages/20/2a/93d04aade621c8f88d630c31e3401d6411feaacc1358ebf37dac7a6eb245/usearch-2.19.0-cp313-cp313-macosx_10_13_universal2.whl", hash = "sha256:defc7da9855f93d28b47c92c9e9022c34cfa9bbc04f56dd8af2aba5905b3fe12", size = 740420, upload-time = "2025-07-08T12:47:54.332Z" },
    { url = "https://files.pythonhosted.org/packages/06/d9/3ab229de4a183eea00ea6b6d1f735b7b58c08c4571cacf49ec02a216238a/usearch-2.19.0-cp313-cp313-macosx_10_13_x86_64.whl", hash = "sha256:996f0a5ab14ef7232a5d6de75ce811fdf770cbf69086fc261fe2d3f5be7192b8", size = 399812, upload-time = "2025-07-08T12:47:56.052Z" },
    { url = "https://files.pythonhosted.org/packages/fa/60/815877d951722be5a82bbfd3d4c714e3248982124ec710496a2acbd346d3/usearch-2.19.0-cp313-cp313-macosx_11_0_arm64.whl", hash = "sha256:ab5e865a6cd0e7621ab910bdafb9e91be203350ee23fe0a02ff911ff824f3360", size = 381433, upload-time = "2025-07-08T12:47:57.409Z" },
    { url = "https://files.pythonhosted.org/packages/d0/15/f7657caa88f16ff64b01349f82e8da3683c46b223d1b32c142c8306c340c/usearch-2.19.0-cp313-cp313-manylinux_2_27_aarch64.manylinux_2_28_aarch64.whl", hash = "sha256:033b964f1f92cf710ea1b35d191d26f28e65cda73e8e7b4f44a5e875f9ea5706", size = 1856165, upload-time = "2025-07-08T12:47:59.137Z" },
    { url = "https://files.pythonhosted.org/packages/cd/3e/977bbd9252fd75d845a8d628c0d86b5a1081995321c86b9ec5c5cdd97bdc/usearch-2.19.0-cp313-cp313-manylinux_2_27_x86_64.manylinux_2_28_x86_64.whl", hash = "sha256:3d7c30b6f3c6434d647e7bedd36550c6024766773befe41d8a200724765036e4", size = 2060908, upload-time = "2025-07-08T12:48:00.716Z" },
    { url = "https://files.pythonhosted.org/packages/2b/b9/0cfc3b145d7dca68313b4d3e19f4fb7389664092a0634fee66dbececa671/usearch-2.19.0-cp313-cp313-musllinux_1_2_aarch64.whl", hash = "sha256:1aeb1934d70cd38b2742d606bdd33c8a9cc8f90a8695362e09bdde28bdd9c06a", size = 1912267, upload-time = "2025-07-08T12:48:02.306Z" },
    { url = "https://files.pythonhosted.org/packages/58/56/e13db8ebe79e039620aab980ea256341eb4016010c8c6a0bcee83a0052ce/usearch-2.19.0-cp313-cp313-musllinux_1_2_x86_64.whl", hash = "sha256:c929cafea42f5ff552993ab02b327fed1cad74908889374e0b2763c0e1a763e4", size = 2019206, upload-time = "2025-07-08T12:48:04.373Z" },
    { url = "https://files.pythonhosted.org/packages/a1/8b/c14407bd9e8bdfb57ea4fa83b0ceeef4504da49ccafdd94ea9e6bdb56fc5/usearch-2.19.0-cp313-cp313-win_amd64.whl", hash = "sha256:1f3403d1d318c9fbd161bc55844f82647edbdcd916f39087287c7a0bd1df61f3", size = 286494, upload-time = "2025-07-08T12:48:05.806Z" },
    { url = "https://files.pythonhosted.org/packages/2d/26/0944d29b3522b19eab38220d37f5094d3984e946efd3ca494f76406e7dee/usearch-2.19.0-cp313-cp313-win_arm64.whl", hash = "sha256:26b0567b0b954fb233c8ef3f6d9cf4ed520f47e80a5d0e6dccdedc9c4d201a55", size = 280418, upload-time = "2025-07-08T12:48:07.433Z" },
    { url = "https://files.pythonhosted.org/packages/93/9d/2e0a866fd7f685be395e2f560b854d387b2ce2f42a261573b6918a86ac85/usearch-2.19.0-cp313-cp313t-macosx_10_13_universal2.whl", hash = "sha256:faf9f16443f50adc599d3094991c7aedec5a6f6e2275a9ae97a08d95288dc91f", size = 767214, upload-time = "2025-07-08T12:48:08.867Z" },
    { url = "https://files.pythonhosted.org/packages/40/0b/a83f8fb855260775e9075ba5eda23b746679420c03ef63aba5e72e66a1af/usearch-2.19.0-cp313-cp313t-macosx_10_13_x86_64.whl", hash = "sha256:c64ef6c41e6e19c55015017b327c141c342a2596e91255d3489387b82f8a3075", size = 412319, upload-time = "2025-07-08T12:48:10.71Z" },
    { url = "https://files.pythonhosted.org/packages/c8/9e/f965e4c69dfe7b8cf6c54cd8ec1ff8cf07683aeafd0823eb1732772a3c70/usearch-2.19.0-cp313-cp313t-macosx_11_0_arm64.whl", hash = "sha256:b0180afec02d8a1346d576ea3006fcb70251a7888cea843543cc585a20592fd6", size = 397014, upload-time = "2025-07-08T12:48:12.015Z" },
    { url = "https://files.pythonhosted.org/packages/26/2c/e22c45fb414500719d97e46dcb9a8ec0a36b7e49149ce5ab7dcd495266d5/usearch-2.19.0-cp313-cp313t-manylinux_2_27_aarch64.manylinux_2_28_aarch64.whl", hash = "sha256:98cecc060fa2b5cdf6ffe6b6273bccb5945235169126440fc76ac062e4732e7e", size = 1869640, upload-time = "2025-07-08T12:48:13.867Z" },
    { url = "https://files.pythonhosted.org/packages/51/c5/8707784d07bf8465f339f916bcf9509e96a55923722e195871e58dd5cf9e/usearch-2.19.0-cp313-cp313t-manylinux_2_27_x86_64.manylinux_2_28_x86_64.whl", hash = "sha256:3a297c4628238a4db105195dcdb2ce33b4d69b9d935949324e49093055dfe7e7", size = 2074030, upload-time = "2025-07-08T12:48:15.543Z" },
    { url = "https://files.pythonhosted.org/packages/90/8f/24fae75fcf7c52ada7c2e25fe6fc5d5fdd5d9ae78d13aac654311a31f757/usearch-2.19.0-cp313-cp313t-musllinux_1_2_aarch64.whl", hash = "sha256:b990488c677c2d6e330882a60a3f3b776bafe8691c9f355c52c877234161dfc7", size = 1926423, upload-time = "2025-07-08T12:48:17.244Z" },
    { url = "https://files.pythonhosted.org/packages/7f/1f/5fc3dac6b7130fa265234d7bac5faf34db306da0104a670ac6648e83e7ae/usearch-2.19.0-cp313-cp313t-musllinux_1_2_x86_64.whl", hash = "sha256:ef83e00a3d92c9fed59d1c24f6d36d146342719b030ee68c0e2fabcf13a1f425", size = 2029016, upload-time = "2025-07-08T12:48:18.887Z" },
    { url = "https://files.pythonhosted.org/packages/3e/de/a92a9ad688da2c20a881546c7de73d7858ac5fab279f731d98756b26c118/usearch-2.19.0-cp313-cp313t-win_amd64.whl", hash = "sha256:1e84a663c636415d390c1cc0853c12e6f26feb70f02525734a6cacb49cd5721c", size = 301211, upload-time = "2025-07-08T12:48:20.393Z" },
    { url = "https://files.pythonhosted.org/packages/d9/b2/21f9048ff436cff7787a322877e8919eeb167b7a099d28e943b1141bec70/usearch-2.19.0-cp313-cp313t-win_arm64.whl", hash = "sha256:1ee099b70bd4543c84576524038810b88d05bcf02db93716ec75e753b1045e53", size = 290912, upload-time = "2025-07-08T12:48:21.7Z" },
]
